
Microsoft Visual Studio Solution File, Format Version 12.00
# Visual Studio Version 16
VisualStudioVersion = 16.0.30320.27
MinimumVisualStudioVersion = 10.0.40219.1
Project("{FAE04EC0-301F-11D3-BF4B-00C04F79EFBC}") = "BenjaminTrounsonTaMModel", "BenjaminTrounsonTaMModel\BenjaminTrounsonTaMModel.csproj", "{2EE8D2FE-6C30-4712-9998-D0A6FFDF1D32}"
EndProject
Project("{FAE04EC0-301F-11D3-BF4B-00C04F79EFBC}") = "BenjaminTrounsonTaMView", "BenjaminTrounsonTaMView\BenjaminTrounsonTaMView.csproj", "{5B0153DC-0349-44B3-9A24-F7016B0C55D0}"
EndProject
Project("{FAE04EC0-301F-11D3-BF4B-00C04F79EFBC}") = "BenjaminTrounsonTaMTests", "BenjaminTrounsonTaMTests\BenjaminTrounsonTaMTests.csproj", "{8399E7EF-567E-4A6D-881D-77B9686255E1}"
EndProject
Global
	GlobalSection(SolutionConfigurationPlatforms) = preSolution
		Debug|Any CPU = Debug|Any CPU
		Release|Any CPU = Release|Any CPU
	EndGlobalSection
	GlobalSection(ProjectConfigurationPlatforms) = postSolution
		{2EE8D2FE-6C30-4712-9998-D0A6FFDF1D32}.Debug|Any CPU.ActiveCfg = Debug|Any CPU
		{2EE8D2FE-6C30-4712-9998-D0A6FFDF1D32}.Debug|Any CPU.Build.0 = Debug|Any CPU
		{2EE8D2FE-6C30-4712-9998-D0A6FFDF1D32}.Release|Any CPU.ActiveCfg = Release|Any CPU
		{2EE8D2FE-6C30-4712-9998-D0A6FFDF1D32}.Release|Any CPU.Build.0 = Release|Any CPU
		{5B0153DC-0349-44B3-9A24-F7016B0C55D0}.Debug|Any CPU.ActiveCfg = Debug|Any CPU
		{5B0153DC-0349-44B3-9A24-F7016B0C55D0}.Debug|Any CPU.Build.0 = Debug|Any CPU
		{5B0153DC-0349-44B3-9A24-F7016B0C55D0}.Release|Any CPU.ActiveCfg = Release|Any CPU
		{5B0153DC-0349-44B3-9A24-F7016B0C55D0}.Release|Any CPU.Build.0 = Release|Any CPU
		{8399E7EF-567E-4A6D-881D-77B9686255E1}.Debug|Any CPU.ActiveCfg = Debug|Any CPU
		{8399E7EF-567E-4A6D-881D-77B9686255E1}.Debug|Any CPU.Build.0 = Debug|Any CPU
		{8399E7EF-567E-4A6D-881D-77B9686255E1}.Release|Any CPU.ActiveCfg = Release|Any CPU
		{8399E7EF-567E-4A6D-881D-77B9686255E1}.Release|Any CPU.Build.0 = Release|Any CPU
	EndGlobalSection
	GlobalSection(SolutionProperties) = preSolution
		HideSolutionNode = FALSE
	EndGlobalSection
	GlobalSection(ExtensibilityGlobals) = postSolution
		SolutionGuid = {0A67120A-26FC-4BF1-BEB5-EA8EB0FF1103}
	EndGlobalSection
EndGlobal
