
Microsoft Visual Studio Solution File, Format Version 12.00
# Visual Studio Version 16
VisualStudioVersion = 16.0.30320.27
MinimumVisualStudioVersion = 10.0.40219.1
Project("{FAE04EC0-301F-11D3-BF4B-00C04F79EFBC}") = "BenjaminTrounsonTaMView", "BenjaminTrounsonTaMView\BenjaminTrounsonTaMView.csproj", "{6CB17CBA-474C-46A3-81E3-A0CF3485B842}"
EndProject
Project("{FAE04EC0-301F-11D3-BF4B-00C04F79EFBC}") = "BenjaminTrounsonTaMModel", "BenjaminTrounsonTaMModel\BenjaminTrounsonTaMModel.csproj", "{F3724539-8621-448D-AECE-9A6B5D6A2FAA}"
EndProject
Project("{FAE04EC0-301F-11D3-BF4B-00C04F79EFBC}") = "BenjaminTrounsonTaMTest", "BenjaminTrounsonTaMTest\BenjaminTrounsonTaMTest.csproj", "{97B68B61-A09D-4EB3-83EA-20E27100513F}"
EndProject
Global
	GlobalSection(SolutionConfigurationPlatforms) = preSolution
		Debug|Any CPU = Debug|Any CPU
		Release|Any CPU = Release|Any CPU
	EndGlobalSection
	GlobalSection(ProjectConfigurationPlatforms) = postSolution
		{6CB17CBA-474C-46A3-81E3-A0CF3485B842}.Debug|Any CPU.ActiveCfg = Debug|Any CPU
		{6CB17CBA-474C-46A3-81E3-A0CF3485B842}.Debug|Any CPU.Build.0 = Debug|Any CPU
		{6CB17CBA-474C-46A3-81E3-A0CF3485B842}.Release|Any CPU.ActiveCfg = Release|Any CPU
		{6CB17CBA-474C-46A3-81E3-A0CF3485B842}.Release|Any CPU.Build.0 = Release|Any CPU
		{F3724539-8621-448D-AECE-9A6B5D6A2FAA}.Debug|Any CPU.ActiveCfg = Debug|Any CPU
		{F3724539-8621-448D-AECE-9A6B5D6A2FAA}.Debug|Any CPU.Build.0 = Debug|Any CPU
		{F3724539-8621-448D-AECE-9A6B5D6A2FAA}.Release|Any CPU.ActiveCfg = Release|Any CPU
		{F3724539-8621-448D-AECE-9A6B5D6A2FAA}.Release|Any CPU.Build.0 = Release|Any CPU
		{97B68B61-A09D-4EB3-83EA-20E27100513F}.Debug|Any CPU.ActiveCfg = Debug|Any CPU
		{97B68B61-A09D-4EB3-83EA-20E27100513F}.Debug|Any CPU.Build.0 = Debug|Any CPU
		{97B68B61-A09D-4EB3-83EA-20E27100513F}.Release|Any CPU.ActiveCfg = Release|Any CPU
		{97B68B61-A09D-4EB3-83EA-20E27100513F}.Release|Any CPU.Build.0 = Release|Any CPU
	EndGlobalSection
	GlobalSection(SolutionProperties) = preSolution
		HideSolutionNode = FALSE
	EndGlobalSection
	GlobalSection(ExtensibilityGlobals) = postSolution
		SolutionGuid = {0A67120A-26FC-4BF1-BEB5-EA8EB0FF1103}
	EndGlobalSection
EndGlobal
